
Microsoft Visual Studio Solution File, Format Version 12.00
# Visual Studio 15
VisualStudioVersion = 15.0.28307.852
MinimumVisualStudioVersion = 10.0.40219.1
Project("{FAE04EC0-301F-11D3-BF4B-00C04F79EFBC}") = "CyberBot.API", "CyberBot.API\CyberBot.API.csproj", "{1650DA95-0C43-44F3-A9E8-9A7DFC14973F}"
EndProject
Project("{FAE04EC0-301F-11D3-BF4B-00C04F79EFBC}") = "CyberBot.Web", "CyberBot.Web\CyberBot.Web.csproj", "{185ECCC9-D8EF-4A34-98A8-69D37F04AAE5}"
EndProject
Global
	GlobalSection(SolutionConfigurationPlatforms) = preSolution
		Debug|Any CPU = Debug|Any CPU
		Release|Any CPU = Release|Any CPU
	EndGlobalSection
	GlobalSection(ProjectConfigurationPlatforms) = postSolution
		{1650DA95-0C43-44F3-A9E8-9A7DFC14973F}.Debug|Any CPU.ActiveCfg = Debug|Any CPU
		{1650DA95-0C43-44F3-A9E8-9A7DFC14973F}.Debug|Any CPU.Build.0 = Debug|Any CPU
		{1650DA95-0C43-44F3-A9E8-9A7DFC14973F}.Release|Any CPU.ActiveCfg = Release|Any CPU
		{1650DA95-0C43-44F3-A9E8-9A7DFC14973F}.Release|Any CPU.Build.0 = Release|Any CPU
		{185ECCC9-D8EF-4A34-98A8-69D37F04AAE5}.Debug|Any CPU.ActiveCfg = Debug|Any CPU
		{185ECCC9-D8EF-4A34-98A8-69D37F04AAE5}.Debug|Any CPU.Build.0 = Debug|Any CPU
		{185ECCC9-D8EF-4A34-98A8-69D37F04AAE5}.Release|Any CPU.ActiveCfg = Release|Any CPU
		{185ECCC9-D8EF-4A34-98A8-69D37F04AAE5}.Release|Any CPU.Build.0 = Release|Any CPU
	EndGlobalSection
	GlobalSection(SolutionProperties) = preSolution
		HideSolutionNode = FALSE
	EndGlobalSection
	GlobalSection(ExtensibilityGlobals) = postSolution
		SolutionGuid = {D2D5EC77-C41A-4971-AC40-E3B0090A9D68}
	EndGlobalSection
EndGlobal
