
Microsoft Visual Studio Solution File, Format Version 12.00
# Visual Studio 15
VisualStudioVersion = 15.0.28307.852
MinimumVisualStudioVersion = 10.0.40219.1
Project("{FAE04EC0-301F-11D3-BF4B-00C04F79EFBC}") = "CyberBot.App", "CyberBot.App\CyberBot.App\CyberBot.App.csproj", "{A348E912-1BE0-462B-9D3A-53F022935CEC}"
EndProject
Project("{FAE04EC0-301F-11D3-BF4B-00C04F79EFBC}") = "CyberBot.App.Tests", "CyberBot.App\CyberBot.App.Tests\CyberBot.App.Tests.csproj", "{3D717B50-FB97-4E65-A6D5-DB2329DA3C59}"
EndProject
Global
	GlobalSection(SolutionConfigurationPlatforms) = preSolution
		Debug|Any CPU = Debug|Any CPU
		Release|Any CPU = Release|Any CPU
	EndGlobalSection
	GlobalSection(ProjectConfigurationPlatforms) = postSolution
		{A348E912-1BE0-462B-9D3A-53F022935CEC}.Debug|Any CPU.ActiveCfg = Debug|Any CPU
		{A348E912-1BE0-462B-9D3A-53F022935CEC}.Debug|Any CPU.Build.0 = Debug|Any CPU
		{A348E912-1BE0-462B-9D3A-53F022935CEC}.Release|Any CPU.ActiveCfg = Release|Any CPU
		{A348E912-1BE0-462B-9D3A-53F022935CEC}.Release|Any CPU.Build.0 = Release|Any CPU
		{3D717B50-FB97-4E65-A6D5-DB2329DA3C59}.Debug|Any CPU.ActiveCfg = Debug|Any CPU
		{3D717B50-FB97-4E65-A6D5-DB2329DA3C59}.Debug|Any CPU.Build.0 = Debug|Any CPU
		{3D717B50-FB97-4E65-A6D5-DB2329DA3C59}.Release|Any CPU.ActiveCfg = Release|Any CPU
		{3D717B50-FB97-4E65-A6D5-DB2329DA3C59}.Release|Any CPU.Build.0 = Release|Any CPU
	EndGlobalSection
	GlobalSection(SolutionProperties) = preSolution
		HideSolutionNode = FALSE
	EndGlobalSection
	GlobalSection(ExtensibilityGlobals) = postSolution
		SolutionGuid = {ADF7227B-81B1-4281-AB2D-9C3A07874F36}
	EndGlobalSection
EndGlobal
